
Microsoft Visual Studio Solution File, Format Version 12.00
# Visual Studio Version 16
VisualStudioVersion = 16.0.31911.196
MinimumVisualStudioVersion = 10.0.40219.1
Project("{9A19103F-16F7-4668-BE54-9A1E7A4F7556}") = "HoliDayRental", "HomeShare\HoliDayRental.csproj", "{8020D524-9DA0-42F3-906F-C726363F865F}"
EndProject
Project("{00D1A9C2-B5F0-4AF3-8072-F6C62B433612}") = "HoliDayRental.DB", "HoliDayRental.DB\HoliDayRental.DB.sqlproj", "{86D984FC-8413-4724-93FC-BAAF7FCC59C4}"
EndProject
Project("{FAE04EC0-301F-11D3-BF4B-00C04F79EFBC}") = "HolidayRental.DAL", "HolidayRental.DAL\HolidayRental.DAL.csproj", "{41F759EC-AB70-40CA-B15C-1A305DCBF977}"
EndProject
Project("{FAE04EC0-301F-11D3-BF4B-00C04F79EFBC}") = "HolidayRental.Common", "HolidayRental.Common\HolidayRental.Common.csproj", "{14356F23-F3BA-447F-BF64-A699CB311711}"
EndProject
Global
	GlobalSection(SolutionConfigurationPlatforms) = preSolution
		Debug|Any CPU = Debug|Any CPU
		Release|Any CPU = Release|Any CPU
	EndGlobalSection
	GlobalSection(ProjectConfigurationPlatforms) = postSolution
		{8020D524-9DA0-42F3-906F-C726363F865F}.Debug|Any CPU.ActiveCfg = Debug|Any CPU
		{8020D524-9DA0-42F3-906F-C726363F865F}.Debug|Any CPU.Build.0 = Debug|Any CPU
		{8020D524-9DA0-42F3-906F-C726363F865F}.Release|Any CPU.ActiveCfg = Release|Any CPU
		{8020D524-9DA0-42F3-906F-C726363F865F}.Release|Any CPU.Build.0 = Release|Any CPU
		{86D984FC-8413-4724-93FC-BAAF7FCC59C4}.Debug|Any CPU.ActiveCfg = Debug|Any CPU
		{86D984FC-8413-4724-93FC-BAAF7FCC59C4}.Debug|Any CPU.Build.0 = Debug|Any CPU
		{86D984FC-8413-4724-93FC-BAAF7FCC59C4}.Debug|Any CPU.Deploy.0 = Debug|Any CPU
		{86D984FC-8413-4724-93FC-BAAF7FCC59C4}.Release|Any CPU.ActiveCfg = Release|Any CPU
		{86D984FC-8413-4724-93FC-BAAF7FCC59C4}.Release|Any CPU.Build.0 = Release|Any CPU
		{86D984FC-8413-4724-93FC-BAAF7FCC59C4}.Release|Any CPU.Deploy.0 = Release|Any CPU
		{41F759EC-AB70-40CA-B15C-1A305DCBF977}.Debug|Any CPU.ActiveCfg = Debug|Any CPU
		{41F759EC-AB70-40CA-B15C-1A305DCBF977}.Debug|Any CPU.Build.0 = Debug|Any CPU
		{41F759EC-AB70-40CA-B15C-1A305DCBF977}.Release|Any CPU.ActiveCfg = Release|Any CPU
		{41F759EC-AB70-40CA-B15C-1A305DCBF977}.Release|Any CPU.Build.0 = Release|Any CPU
		{14356F23-F3BA-447F-BF64-A699CB311711}.Debug|Any CPU.ActiveCfg = Debug|Any CPU
		{14356F23-F3BA-447F-BF64-A699CB311711}.Debug|Any CPU.Build.0 = Debug|Any CPU
		{14356F23-F3BA-447F-BF64-A699CB311711}.Release|Any CPU.ActiveCfg = Release|Any CPU
		{14356F23-F3BA-447F-BF64-A699CB311711}.Release|Any CPU.Build.0 = Release|Any CPU
	EndGlobalSection
	GlobalSection(SolutionProperties) = preSolution
		HideSolutionNode = FALSE
	EndGlobalSection
	GlobalSection(ExtensibilityGlobals) = postSolution
		SolutionGuid = {27899870-7CEA-4A05-A2CC-D1884DDA0644}
	EndGlobalSection
EndGlobal
